
Microsoft Visual Studio Solution File, Format Version 12.00
# Visual Studio Version 17
VisualStudioVersion = 17.5.33414.496
MinimumVisualStudioVersion = 10.0.40219.1
Project("{FAE04EC0-301F-11D3-BF4B-00C04F79EFBC}") = "ACCOUNTINGAPI", "ACCOUNTINGAPI.csproj", "{C2AF7113-D0BD-46CA-909D-E4746F9084AE}"
EndProject
Project("{FAE04EC0-301F-11D3-BF4B-00C04F79EFBC}") = "DATABASEE", "..\DATABASEE\DATABASEE.csproj", "{B81BC2E8-1597-4FD7-927D-661D5A8A22A1}"
EndProject
Global
	GlobalSection(SolutionConfigurationPlatforms) = preSolution
		Debug|Any CPU = Debug|Any CPU
		Release|Any CPU = Release|Any CPU
	EndGlobalSection
	GlobalSection(ProjectConfigurationPlatforms) = postSolution
		{C2AF7113-D0BD-46CA-909D-E4746F9084AE}.Debug|Any CPU.ActiveCfg = Debug|Any CPU
		{C2AF7113-D0BD-46CA-909D-E4746F9084AE}.Debug|Any CPU.Build.0 = Debug|Any CPU
		{C2AF7113-D0BD-46CA-909D-E4746F9084AE}.Release|Any CPU.ActiveCfg = Release|Any CPU
		{C2AF7113-D0BD-46CA-909D-E4746F9084AE}.Release|Any CPU.Build.0 = Release|Any CPU
		{B81BC2E8-1597-4FD7-927D-661D5A8A22A1}.Debug|Any CPU.ActiveCfg = Debug|Any CPU
		{B81BC2E8-1597-4FD7-927D-661D5A8A22A1}.Debug|Any CPU.Build.0 = Debug|Any CPU
		{B81BC2E8-1597-4FD7-927D-661D5A8A22A1}.Release|Any CPU.ActiveCfg = Release|Any CPU
		{B81BC2E8-1597-4FD7-927D-661D5A8A22A1}.Release|Any CPU.Build.0 = Release|Any CPU
	EndGlobalSection
	GlobalSection(SolutionProperties) = preSolution
		HideSolutionNode = FALSE
	EndGlobalSection
	GlobalSection(ExtensibilityGlobals) = postSolution
		SolutionGuid = {31FE1F6B-CCB8-4237-BA50-DBDC49B7A010}
	EndGlobalSection
EndGlobal
